
Microsoft Visual Studio Solution File, Format Version 12.00
# Visual Studio Version 16
VisualStudioVersion = 16.0.31515.178
MinimumVisualStudioVersion = 10.0.40219.1
Project("{8BC9CEB8-8B4A-11D0-8D11-00A0C91BC942}") = "Task1_HoanVi", "Task1_HoanVi.vcxproj", "{BD9FA8F6-661F-42D9-9C52-89DB5C385B44}"
EndProject
Global
	GlobalSection(SolutionConfigurationPlatforms) = preSolution
		Debug|x64 = Debug|x64
		Debug|x86 = Debug|x86
		Release|x64 = Release|x64
		Release|x86 = Release|x86
	EndGlobalSection
	GlobalSection(ProjectConfigurationPlatforms) = postSolution
		{BD9FA8F6-661F-42D9-9C52-89DB5C385B44}.Debug|x64.ActiveCfg = Debug|x64
		{BD9FA8F6-661F-42D9-9C52-89DB5C385B44}.Debug|x64.Build.0 = Debug|x64
		{BD9FA8F6-661F-42D9-9C52-89DB5C385B44}.Debug|x86.ActiveCfg = Debug|Win32
		{BD9FA8F6-661F-42D9-9C52-89DB5C385B44}.Debug|x86.Build.0 = Debug|Win32
		{BD9FA8F6-661F-42D9-9C52-89DB5C385B44}.Release|x64.ActiveCfg = Release|x64
		{BD9FA8F6-661F-42D9-9C52-89DB5C385B44}.Release|x64.Build.0 = Release|x64
		{BD9FA8F6-661F-42D9-9C52-89DB5C385B44}.Release|x86.ActiveCfg = Release|Win32
		{BD9FA8F6-661F-42D9-9C52-89DB5C385B44}.Release|x86.Build.0 = Release|Win32
	EndGlobalSection
	GlobalSection(SolutionProperties) = preSolution
		HideSolutionNode = FALSE
	EndGlobalSection
	GlobalSection(ExtensibilityGlobals) = postSolution
		SolutionGuid = {046A7FC1-3BC0-447C-BF0E-43AC0809D15B}
	EndGlobalSection
EndGlobal
